
Microsoft Visual Studio Solution File, Format Version 12.00
# Visual Studio Version 17
VisualStudioVersion = 17.7.34202.233
MinimumVisualStudioVersion = 10.0.40219.1
Project("{9A19103F-16F7-4668-BE54-9A1E7A4F7556}") = "ConsoleApp1", "ConsoleApp1.csproj", "{4B55BF46-0089-4DAB-91C2-C86B88984D2C}"
EndProject
Project("{2150E333-8FDC-42A3-9474-1A3956D46DE8}") = "Elementy rozwiązania", "Elementy rozwiązania", "{7920DDC0-0A69-41A8-A005-DFCE37F5595F}"
EndProject
Global
	GlobalSection(SolutionConfigurationPlatforms) = preSolution
		Debug|Any CPU = Debug|Any CPU
		Release|Any CPU = Release|Any CPU
	EndGlobalSection
	GlobalSection(ProjectConfigurationPlatforms) = postSolution
		{4B55BF46-0089-4DAB-91C2-C86B88984D2C}.Debug|Any CPU.ActiveCfg = Debug|Any CPU
		{4B55BF46-0089-4DAB-91C2-C86B88984D2C}.Debug|Any CPU.Build.0 = Debug|Any CPU
		{4B55BF46-0089-4DAB-91C2-C86B88984D2C}.Release|Any CPU.ActiveCfg = Release|Any CPU
		{4B55BF46-0089-4DAB-91C2-C86B88984D2C}.Release|Any CPU.Build.0 = Release|Any CPU
	EndGlobalSection
	GlobalSection(SolutionProperties) = preSolution
		HideSolutionNode = FALSE
	EndGlobalSection
	GlobalSection(ExtensibilityGlobals) = postSolution
		SolutionGuid = {FF98868A-84CA-4126-9557-5F01FB9C0B02}
	EndGlobalSection
EndGlobal
